
Microsoft Visual Studio Solution File, Format Version 12.00
# Visual Studio Version 16
VisualStudioVersion = 16.0.29609.76
MinimumVisualStudioVersion = 10.0.40219.1
Project("{9A19103F-16F7-4668-BE54-9A1E7A4F7556}") = "PrHeroEventsPoc", "PrHeroEventsPoc\PrHeroEventsPoc.csproj", "{EC4C2813-9D73-4E6B-A2B0-9F09619CFFAA}"
EndProject
Project("{9A19103F-16F7-4668-BE54-9A1E7A4F7556}") = "PrHeroEventsPocConsole", "PrHeroEventsPocConsole\PrHeroEventsPocConsole.csproj", "{0A43831C-573C-4E86-844B-4BA8753293F0}"
EndProject
Project("{FAE04EC0-301F-11D3-BF4B-00C04F79EFBC}") = "PrHeroGitHubWebHookApi", "PrHeroGitHubWebHookApi\PrHeroGitHubWebHookApi.csproj", "{C77A4E6D-6041-4636-9042-8287EFE0A420}"
EndProject
Project("{FAE04EC0-301F-11D3-BF4B-00C04F79EFBC}") = "PrHeroGitHubWebHooksBuiltInApi", "PrHeroGitHubWebHooksBuiltInApi\PrHeroGitHubWebHooksBuiltInApi.csproj", "{10D1240A-6E04-44BE-9FAA-00B737892C30}"
EndProject
Global
	GlobalSection(SolutionConfigurationPlatforms) = preSolution
		Debug|Any CPU = Debug|Any CPU
		Release|Any CPU = Release|Any CPU
	EndGlobalSection
	GlobalSection(ProjectConfigurationPlatforms) = postSolution
		{EC4C2813-9D73-4E6B-A2B0-9F09619CFFAA}.Debug|Any CPU.ActiveCfg = Debug|Any CPU
		{EC4C2813-9D73-4E6B-A2B0-9F09619CFFAA}.Debug|Any CPU.Build.0 = Debug|Any CPU
		{EC4C2813-9D73-4E6B-A2B0-9F09619CFFAA}.Release|Any CPU.ActiveCfg = Release|Any CPU
		{EC4C2813-9D73-4E6B-A2B0-9F09619CFFAA}.Release|Any CPU.Build.0 = Release|Any CPU
		{0A43831C-573C-4E86-844B-4BA8753293F0}.Debug|Any CPU.ActiveCfg = Debug|Any CPU
		{0A43831C-573C-4E86-844B-4BA8753293F0}.Debug|Any CPU.Build.0 = Debug|Any CPU
		{0A43831C-573C-4E86-844B-4BA8753293F0}.Release|Any CPU.ActiveCfg = Release|Any CPU
		{0A43831C-573C-4E86-844B-4BA8753293F0}.Release|Any CPU.Build.0 = Release|Any CPU
		{C77A4E6D-6041-4636-9042-8287EFE0A420}.Debug|Any CPU.ActiveCfg = Debug|Any CPU
		{C77A4E6D-6041-4636-9042-8287EFE0A420}.Debug|Any CPU.Build.0 = Debug|Any CPU
		{C77A4E6D-6041-4636-9042-8287EFE0A420}.Release|Any CPU.ActiveCfg = Release|Any CPU
		{C77A4E6D-6041-4636-9042-8287EFE0A420}.Release|Any CPU.Build.0 = Release|Any CPU
		{10D1240A-6E04-44BE-9FAA-00B737892C30}.Debug|Any CPU.ActiveCfg = Debug|Any CPU
		{10D1240A-6E04-44BE-9FAA-00B737892C30}.Debug|Any CPU.Build.0 = Debug|Any CPU
		{10D1240A-6E04-44BE-9FAA-00B737892C30}.Release|Any CPU.ActiveCfg = Release|Any CPU
		{10D1240A-6E04-44BE-9FAA-00B737892C30}.Release|Any CPU.Build.0 = Release|Any CPU
	EndGlobalSection
	GlobalSection(SolutionProperties) = preSolution
		HideSolutionNode = FALSE
	EndGlobalSection
	GlobalSection(ExtensibilityGlobals) = postSolution
		SolutionGuid = {DC412DCE-F074-4888-954B-1E00939430B6}
	EndGlobalSection
EndGlobal
